
Microsoft Visual Studio Solution File, Format Version 12.00
# Visual Studio Version 17
VisualStudioVersion = 17.14.36212.18 d17.14
MinimumVisualStudioVersion = 10.0.40219.1
Project("{FAE04EC0-301F-11D3-BF4B-00C04F79EFBC}") = "SendWsCommand", "SendWsCommand.csproj", "{34F67F91-26D5-2F68-F6A3-8806AEC7A8B6}"
EndProject
Global
	GlobalSection(SolutionConfigurationPlatforms) = preSolution
		Debug|Any CPU = Debug|Any CPU
		Release|Any CPU = Release|Any CPU
	EndGlobalSection
	GlobalSection(ProjectConfigurationPlatforms) = postSolution
		{34F67F91-26D5-2F68-F6A3-8806AEC7A8B6}.Debug|Any CPU.ActiveCfg = Debug|Any CPU
		{34F67F91-26D5-2F68-F6A3-8806AEC7A8B6}.Debug|Any CPU.Build.0 = Debug|Any CPU
		{34F67F91-26D5-2F68-F6A3-8806AEC7A8B6}.Release|Any CPU.ActiveCfg = Release|Any CPU
		{34F67F91-26D5-2F68-F6A3-8806AEC7A8B6}.Release|Any CPU.Build.0 = Release|Any CPU
	EndGlobalSection
	GlobalSection(SolutionProperties) = preSolution
		HideSolutionNode = FALSE
	EndGlobalSection
	GlobalSection(ExtensibilityGlobals) = postSolution
		SolutionGuid = {BFE5CA8D-64BF-46B7-AE44-443C51579D9D}
	EndGlobalSection
EndGlobal
